
Microsoft Visual Studio Solution File, Format Version 12.00
# Visual Studio Version 16
VisualStudioVersion = 16.0.31129.286
MinimumVisualStudioVersion = 10.0.40219.1
Project("{FAE04EC0-301F-11D3-BF4B-00C04F79EFBC}") = "EmployeeFinderAPI", "EmployeeFinderAPI.csproj", "{4F59312B-49AF-4F4B-A69B-0073CB9EE77B}"
EndProject
Project("{FAE04EC0-301F-11D3-BF4B-00C04F79EFBC}") = "EmployeeFinderTest", "..\EmployeeFinderTest\EmployeeFinderTest.csproj", "{1453B54C-ECAE-4674-92D6-E625ACAE75A1}"
EndProject
Global
	GlobalSection(SolutionConfigurationPlatforms) = preSolution
		Debug|Any CPU = Debug|Any CPU
		Release|Any CPU = Release|Any CPU
	EndGlobalSection
	GlobalSection(ProjectConfigurationPlatforms) = postSolution
		{4F59312B-49AF-4F4B-A69B-0073CB9EE77B}.Debug|Any CPU.ActiveCfg = Debug|Any CPU
		{4F59312B-49AF-4F4B-A69B-0073CB9EE77B}.Debug|Any CPU.Build.0 = Debug|Any CPU
		{4F59312B-49AF-4F4B-A69B-0073CB9EE77B}.Release|Any CPU.ActiveCfg = Release|Any CPU
		{4F59312B-49AF-4F4B-A69B-0073CB9EE77B}.Release|Any CPU.Build.0 = Release|Any CPU
		{1453B54C-ECAE-4674-92D6-E625ACAE75A1}.Debug|Any CPU.ActiveCfg = Debug|Any CPU
		{1453B54C-ECAE-4674-92D6-E625ACAE75A1}.Debug|Any CPU.Build.0 = Debug|Any CPU
		{1453B54C-ECAE-4674-92D6-E625ACAE75A1}.Release|Any CPU.ActiveCfg = Release|Any CPU
		{1453B54C-ECAE-4674-92D6-E625ACAE75A1}.Release|Any CPU.Build.0 = Release|Any CPU
	EndGlobalSection
	GlobalSection(SolutionProperties) = preSolution
		HideSolutionNode = FALSE
	EndGlobalSection
	GlobalSection(ExtensibilityGlobals) = postSolution
		SolutionGuid = {BCB1CA00-C200-475D-B412-6D0052290B5D}
	EndGlobalSection
EndGlobal
