
Microsoft Visual Studio Solution File, Format Version 12.00
# Visual Studio Version 16
VisualStudioVersion = 16.0.31112.23
MinimumVisualStudioVersion = 10.0.40219.1
Project("{9A19103F-16F7-4668-BE54-9A1E7A4F7556}") = "DocumentAnalyzerAPI", "DocumentAnalyzerAPI\DocumentAnalyzerAPI.csproj", "{7B0DB72B-0FA0-4305-8F3E-CE894251C089}"
EndProject
Global
	GlobalSection(SolutionConfigurationPlatforms) = preSolution
		Debug|Any CPU = Debug|Any CPU
		Release|Any CPU = Release|Any CPU
	EndGlobalSection
	GlobalSection(ProjectConfigurationPlatforms) = postSolution
		{7B0DB72B-0FA0-4305-8F3E-CE894251C089}.Debug|Any CPU.ActiveCfg = Debug|Any CPU
		{7B0DB72B-0FA0-4305-8F3E-CE894251C089}.Debug|Any CPU.Build.0 = Debug|Any CPU
		{7B0DB72B-0FA0-4305-8F3E-CE894251C089}.Release|Any CPU.ActiveCfg = Release|Any CPU
		{7B0DB72B-0FA0-4305-8F3E-CE894251C089}.Release|Any CPU.Build.0 = Release|Any CPU
	EndGlobalSection
	GlobalSection(SolutionProperties) = preSolution
		HideSolutionNode = FALSE
	EndGlobalSection
	GlobalSection(ExtensibilityGlobals) = postSolution
		SolutionGuid = {8618029F-D0E9-49A6-AE08-4168C87AE214}
	EndGlobalSection
EndGlobal
